
Microsoft Visual Studio Solution File, Format Version 12.00
# Visual Studio 14
VisualStudioVersion = 14.0.23107.0
MinimumVisualStudioVersion = 10.0.40219.1
Project("{FAE04EC0-301F-11D3-BF4B-00C04F79EFBC}") = "ObliviousNew", "ObliviousNew\ObliviousNew.csproj", "{530F0306-2613-41B2-B328-7095D28CBFA4}"
EndProject
Project("{FAE04EC0-301F-11D3-BF4B-00C04F79EFBC}") = "ObliviousDAL", "ObliviousDAL\ObliviousDAL.csproj", "{B03B26E7-BB68-40CF-BBC5-9F41ADF951BB}"
EndProject
Global
	GlobalSection(SolutionConfigurationPlatforms) = preSolution
		Debug|Any CPU = Debug|Any CPU
		Release|Any CPU = Release|Any CPU
	EndGlobalSection
	GlobalSection(ProjectConfigurationPlatforms) = postSolution
		{530F0306-2613-41B2-B328-7095D28CBFA4}.Debug|Any CPU.ActiveCfg = Debug|Any CPU
		{530F0306-2613-41B2-B328-7095D28CBFA4}.Debug|Any CPU.Build.0 = Debug|Any CPU
		{530F0306-2613-41B2-B328-7095D28CBFA4}.Release|Any CPU.ActiveCfg = Release|Any CPU
		{530F0306-2613-41B2-B328-7095D28CBFA4}.Release|Any CPU.Build.0 = Release|Any CPU
		{B03B26E7-BB68-40CF-BBC5-9F41ADF951BB}.Debug|Any CPU.ActiveCfg = Debug|Any CPU
		{B03B26E7-BB68-40CF-BBC5-9F41ADF951BB}.Debug|Any CPU.Build.0 = Debug|Any CPU
		{B03B26E7-BB68-40CF-BBC5-9F41ADF951BB}.Release|Any CPU.ActiveCfg = Release|Any CPU
		{B03B26E7-BB68-40CF-BBC5-9F41ADF951BB}.Release|Any CPU.Build.0 = Release|Any CPU
	EndGlobalSection
	GlobalSection(SolutionProperties) = preSolution
		HideSolutionNode = FALSE
	EndGlobalSection
EndGlobal
